
Microsoft Visual Studio Solution File, Format Version 12.00
# Visual Studio Version 16
VisualStudioVersion = 16.0.31205.134
MinimumVisualStudioVersion = 10.0.40219.1
Project("{FAE04EC0-301F-11D3-BF4B-00C04F79EFBC}") = "Home_3_Game", "Home_3_Game.csproj", "{1689C9A4-153C-4A07-B9B3-72FF37506B6D}"
EndProject
Global
	GlobalSection(SolutionConfigurationPlatforms) = preSolution
		Debug|Any CPU = Debug|Any CPU
		Release|Any CPU = Release|Any CPU
	EndGlobalSection
	GlobalSection(ProjectConfigurationPlatforms) = postSolution
		{1689C9A4-153C-4A07-B9B3-72FF37506B6D}.Debug|Any CPU.ActiveCfg = Debug|Any CPU
		{1689C9A4-153C-4A07-B9B3-72FF37506B6D}.Debug|Any CPU.Build.0 = Debug|Any CPU
		{1689C9A4-153C-4A07-B9B3-72FF37506B6D}.Release|Any CPU.ActiveCfg = Release|Any CPU
		{1689C9A4-153C-4A07-B9B3-72FF37506B6D}.Release|Any CPU.Build.0 = Release|Any CPU
	EndGlobalSection
	GlobalSection(SolutionProperties) = preSolution
		HideSolutionNode = FALSE
	EndGlobalSection
	GlobalSection(ExtensibilityGlobals) = postSolution
		SolutionGuid = {C685DEBD-C729-4B83-AB72-05BB5E2BDA46}
	EndGlobalSection
EndGlobal
